// !$*UTF8*$!
{
	archiveVersion = 1;
	classes = {
	};
	objectVersion = 46;
	objects = {

/* Begin PBXBuildFile section */
		0146B7AE1ED2A57D0068F120 /* AppDelegate.swift in Sources */ = {isa = PBXBuildFile; fileRef = 0146B7AD1ED2A57D0068F120 /* AppDelegate.swift */; };
		0146B7B01ED2A57D0068F120 /* ViewController.swift in Sources */ = {isa = PBXBuildFile; fileRef = 0146B7AF1ED2A57D0068F120 /* ViewController.swift */; };
		0146B7B31ED2A57D0068F120 /* Main.storyboard in Resources */ = {isa = PBXBuildFile; fileRef = 0146B7B11ED2A57D0068F120 /* Main.storyboard */; };
		0146B7B51ED2A57D0068F120 /* Assets.xcassets in Resources */ = {isa = PBXBuildFile; fileRef = 0146B7B41ED2A57D0068F120 /* Assets.xcassets */; };
		0146B7B81ED2A57D0068F120 /* LaunchScreen.storyboard in Resources */ = {isa = PBXBuildFile; fileRef = 0146B7B61ED2A57D0068F120 /* LaunchScreen.storyboard */; };
		0146B7C31ED2A58A0068F120 /* MMDraggableTagData.swift in Sources */ = {isa = PBXBuildFile; fileRef = 0146B7C01ED2A58A0068F120 /* MMDraggableTagData.swift */; };
		0146B7C41ED2A58A0068F120 /* MMDraggableTagView.swift in Sources */ = {isa = PBXBuildFile; fileRef = 0146B7C11ED2A58A0068F120 /* MMDraggableTagView.swift */; };
		0146B7C51ED2A58A0068F120 /* MMDraggableTagViewCell.swift in Sources */ = {isa = PBXBuildFile; fileRef = 0146B7C21ED2A58A0068F120 /* MMDraggableTagViewCell.swift */; };
		EC325793109F9393E0E1F6E9 /* Pods_MMDraggableTagViewDemo.framework in Frameworks */ = {isa = PBXBuildFile; fileRef = A1C0B554F9AAD569C0AE7578 /* Pods_MMDraggableTagViewDemo.framework */; };
/* End PBXBuildFile section */

/* Begin PBXFileReference section */
		0146B7AA1ED2A57D0068F120 /* MMDraggableTagViewDemo.app */ = {isa = PBXFileReference; explicitFileType = wrapper.application; includeInIndex = 0; path = MMDraggableTagViewDemo.app; sourceTree = BUILT_PRODUCTS_DIR; };
		0146B7AD1ED2A57D0068F120 /* AppDelegate.swift */ = {isa = PBXFileReference; lastKnownFileType = sourcecode.swift; path = AppDelegate.swift; sourceTree = "<group>"; };
		0146B7AF1ED2A57D0068F120 /* ViewController.swift */ = {isa = PBXFileReference; lastKnownFileType = sourcecode.swift; path = ViewController.swift; sourceTree = "<group>"; };
		0146B7B21ED2A57D0068F120 /* Base */ = {isa = PBXFileReference; lastKnownFileType = file.storyboard; name = Base; path = Base.lproj/Main.storyboard; sourceTree = "<group>"; };
		0146B7B41ED2A57D0068F120 /* Assets.xcassets */ = {isa = PBXFileReference; lastKnownFileType = folder.assetcatalog; path = Assets.xcassets; sourceTree = "<group>"; };
		0146B7B71ED2A57D0068F120 /* Base */ = {isa = PBXFileReference; lastKnownFileType = file.storyboard; name = Base; path = Base.lproj/LaunchScreen.storyboard; sourceTree = "<group>"; };
		0146B7B91ED2A57D0068F120 /* Info.plist */ = {isa = PBXFileReference; lastKnownFileType = text.plist.xml; path = Info.plist; sourceTree = "<group>"; };
		0146B7C01ED2A58A0068F120 /* MMDraggableTagData.swift */ = {isa = PBXFileReference; fileEncoding = 4; lastKnownFileType = sourcecode.swift; path = MMDraggableTagData.swift; sourceTree = "<group>"; };
		0146B7C11ED2A58A0068F120 /* MMDraggableTagView.swift */ = {isa = PBXFileReference; fileEncoding = 4; lastKnownFileType = sourcecode.swift; path = MMDraggableTagView.swift; sourceTree = "<group>"; };
		0146B7C21ED2A58A0068F120 /* MMDraggableTagViewCell.swift */ = {isa = PBXFileReference; fileEncoding = 4; lastKnownFileType = sourcecode.swift; path = MMDraggableTagViewCell.swift; sourceTree = "<group>"; };
		41576D8B35FCDA09C2DC3DCC /* Pods-MMDraggableTagViewDemo.debug.xcconfig */ = {isa = PBXFileReference; includeInIndex = 1; lastKnownFileType = text.xcconfig; name = "Pods-MMDraggableTagViewDemo.debug.xcconfig"; path = "Pods/Target Support Files/Pods-MMDraggableTagViewDemo/Pods-MMDraggableTagViewDemo.debug.xcconfig"; sourceTree = "<group>"; };
		A1C0B554F9AAD569C0AE7578 /* Pods_MMDraggableTagViewDemo.framework */ = {isa = PBXFileReference; explicitFileType = wrapper.framework; includeInIndex = 0; path = Pods_MMDraggableTagViewDemo.framework; sourceTree = BUILT_PRODUCTS_DIR; };
		FBC59E8A149639738A305659 /* Pods-MMDraggableTagViewDemo.release.xcconfig */ = {isa = PBXFileReference; includeInIndex = 1; lastKnownFileType = text.xcconfig; name = "Pods-MMDraggableTagViewDemo.release.xcconfig"; path = "Pods/Target Support Files/Pods-MMDraggableTagViewDemo/Pods-MMDraggableTagViewDemo.release.xcconfig"; sourceTree = "<group>"; };
/* End PBXFileReference section */

/* Begin PBXFrameworksBuildPhase section */
		0146B7A71ED2A57D0068F120 /* Frameworks */ = {
			isa = PBXFrameworksBuildPhase;
			buildActionMask = 2147483647;
			files = (
				EC325793109F9393E0E1F6E9 /* Pods_MMDraggableTagViewDemo.framework in Frameworks */,
			);
			runOnlyForDeploymentPostprocessing = 0;
		};
/* End PBXFrameworksBuildPhase section */

/* Begin PBXGroup section */
		0146B7A11ED2A57C0068F120 = {
			isa = PBXGroup;
			children = (
				0146B7AC1ED2A57D0068F120 /* MMDraggableTagViewDemo */,
				0146B7AB1ED2A57D0068F120 /* Products */,
				47E08BF58178EF326477139B /* Pods */,
				53AE72523492750E203607C3 /* Frameworks */,
			);
			sourceTree = "<group>";
		};
		0146B7AB1ED2A57D0068F120 /* Products */ = {
			isa = PBXGroup;
			children = (
				0146B7AA1ED2A57D0068F120 /* MMDraggableTagViewDemo.app */,
			);
			name = Products;
			sourceTree = "<group>";
		};
		0146B7AC1ED2A57D0068F120 /* MMDraggableTagViewDemo */ = {
			isa = PBXGroup;
			children = (
				0146B7BF1ED2A58A0068F120 /* MMDraggableTagView */,
				0146B7AD1ED2A57D0068F120 /* AppDelegate.swift */,
				0146B7AF1ED2A57D0068F120 /* ViewController.swift */,
				0146B7B11ED2A57D0068F120 /* Main.storyboard */,
				0146B7B41ED2A57D0068F120 /* Assets.xcassets */,
				0146B7B61ED2A57D0068F120 /* LaunchScreen.storyboard */,
				0146B7B91ED2A57D0068F120 /* Info.plist */,
			);
			path = MMDraggableTagViewDemo;
			sourceTree = "<group>";
		};
		0146B7BF1ED2A58A0068F120 /* MMDraggableTagView */ = {
			isa = PBXGroup;
			children = (
				0146B7C01ED2A58A0068F120 /* MMDraggableTagData.swift */,
				0146B7C11ED2A58A0068F120 /* MMDraggableTagView.swift */,
				0146B7C21ED2A58A0068F120 /* MMDraggableTagViewCell.swift */,
			);
			name = MMDraggableTagView;
			path = ../../MMDraggableTagView;
			sourceTree = "<group>";
		};
		47E08BF58178EF326477139B /* Pods */ = {
			isa = PBXGroup;
			children = (
				41576D8B35FCDA09C2DC3DCC /* Pods-MMDraggableTagViewDemo.debug.xcconfig */,
				FBC59E8A149639738A305659 /* Pods-MMDraggableTagViewDemo.release.xcconfig */,
			);
			name = Pods;
			sourceTree = "<group>";
		};
		53AE72523492750E203607C3 /* Frameworks */ = {
			isa = PBXGroup;
			children = (
				A1C0B554F9AAD569C0AE7578 /* Pods_MMDraggableTagViewDemo.framework */,
			);
			name = Frameworks;
			sourceTree = "<group>";
		};
/* End PBXGroup section */

/* Begin PBXNativeTarget section */
		0146B7A91ED2A57D0068F120 /* MMDraggableTagViewDemo */ = {
			isa = PBXNativeTarget;
			buildConfigurationList = 0146B7BC1ED2A57D0068F120 /* Build configuration list for PBXNativeTarget "MMDraggableTagViewDemo" */;
			buildPhases = (
				06E56AED983DA65C20ABF1CB /* [CP] Check Pods Manifest.lock */,
				0146B7A61ED2A57D0068F120 /* Sources */,
				0146B7A71ED2A57D0068F120 /* Frameworks */,
				0146B7A81ED2A57D0068F120 /* Resources */,
				74818FA47225FF49BB0B47F8 /* [CP] Embed Pods Frameworks */,
				1015B81EEE213FEF99CD05A1 /* [CP] Copy Pods Resources */,
			);
			buildRules = (
			);
			dependencies = (
			);
			name = MMDraggableTagViewDemo;
			productName = MMDraggableTagViewDemo;
			productReference = 0146B7AA1ED2A57D0068F120 /* MMDraggableTagViewDemo.app */;
			productType = "com.apple.product-type.application";
		};
/* End PBXNativeTarget section */

/* Begin PBXProject section */
		0146B7A21ED2A57C0068F120 /* Project object */ = {
			isa = PBXProject;
			attributes = {
				LastSwiftUpdateCheck = 0830;
				LastUpgradeCheck = 0830;
				ORGANIZATIONNAME = Michaelin;
				TargetAttributes = {
					0146B7A91ED2A57D0068F120 = {
						CreatedOnToolsVersion = 8.3.2;
						DevelopmentTeam = N7XBVXGJLT;
						ProvisioningStyle = Automatic;
					};
				};
			};
			buildConfigurationList = 0146B7A51ED2A57C0068F120 /* Build configuration list for PBXProject "MMDraggableTagViewDemo" */;
			compatibilityVersion = "Xcode 3.2";
			developmentRegion = English;
			hasScannedForEncodings = 0;
			knownRegions = (
				en,
				Base,
			);
			mainGroup = 0146B7A11ED2A57C0068F120;
			productRefGroup = 0146B7AB1ED2A57D0068F120 /* Products */;
			projectDirPath = "";
			projectRoot = "";
			targets = (
				0146B7A91ED2A57D0068F120 /* MMDraggableTagViewDemo */,
			);
		};
/* End PBXProject section */

/* Begin PBXResourcesBuildPhase section */
		0146B7A81ED2A57D0068F120 /* Resources */ = {
			isa = PBXResourcesBuildPhase;
			buildActionMask = 2147483647;
			files = (
				0146B7B81ED2A57D0068F120 /* LaunchScreen.storyboard in Resources */,
				0146B7B51ED2A57D0068F120 /* Assets.xcassets in Resources */,
				0146B7B31ED2A57D0068F120 /* Main.storyboard in Resources */,
			);
			runOnlyForDeploymentPostprocessing = 0;
		};
/* End PBXResourcesBuildPhase section */

/* Begin PBXShellScriptBuildPhase section */
		06E56AED983DA65C20ABF1CB /* [CP] Check Pods Manifest.lock */ = {
			isa = PBXShellScriptBuildPhase;
			buildActionMask = 2147483647;
			files = (
			);
			inputPaths = (
			);
			name = "[CP] Check Pods Manifest.lock";
			outputPaths = (
			);
			runOnlyForDeploymentPostprocessing = 0;
			shellPath = /bin/sh;
			shellScript = "diff \"${PODS_PODFILE_DIR_PATH}/Podfile.lock\" \"${PODS_ROOT}/Manifest.lock\" > /dev/null\nif [ $? != 0 ] ; then\n    # print error to STDERR\n    echo \"error: The sandbox is not in sync with the Podfile.lock. Run 'pod install' or update your CocoaPods installation.\" >&2\n    exit 1\nfi\n";
			showEnvVarsInLog = 0;
		};
		1015B81EEE213FEF99CD05A1 /* [CP] Copy Pods Resources */ = {
			isa = PBXShellScriptBuildPhase;
			buildActionMask = 2147483647;
			files = (
			);
			inputPaths = (
			);
			name = "[CP] Copy Pods Resources";
			outputPaths = (
			);
			runOnlyForDeploymentPostprocessing = 0;
			shellPath = /bin/sh;
			shellScript = "\"${SRCROOT}/Pods/Target Support Files/Pods-MMDraggableTagViewDemo/Pods-MMDraggableTagViewDemo-resources.sh\"\n";
			showEnvVarsInLog = 0;
		};
		74818FA47225FF49BB0B47F8 /* [CP] Embed Pods Frameworks */ = {
			isa = PBXShellScriptBuildPhase;
			buildActionMask = 2147483647;
			files = (
			);
			inputPaths = (
			);
			name = "[CP] Embed Pods Frameworks";
			outputPaths = (
			);
			runOnlyForDeploymentPostprocessing = 0;
			shellPath = /bin/sh;
			shellScript = "\"${SRCROOT}/Pods/Target Support Files/Pods-MMDraggableTagViewDemo/Pods-MMDraggableTagViewDemo-frameworks.sh\"\n";
			showEnvVarsInLog = 0;
		};
/* End PBXShellScriptBuildPhase section */

/* Begin PBXSourcesBuildPhase section */
		0146B7A61ED2A57D0068F120 /* Sources */ = {
			isa = PBXSourcesBuildPhase;
			buildActionMask = 2147483647;
			files = (
				0146B7B01ED2A57D0068F120 /* ViewController.swift in Sources */,
				0146B7C41ED2A58A0068F120 /* MMDraggableTagView.swift in Sources */,
				0146B7C31ED2A58A0068F120 /* MMDraggableTagData.swift in Sources */,
				0146B7AE1ED2A57D0068F120 /* AppDelegate.swift in Sources */,
				0146B7C51ED2A58A0068F120 /* MMDraggableTagViewCell.swift in Sources */,
			);
			runOnlyForDeploymentPostprocessing = 0;
		};
/* End PBXSourcesBuildPhase section */

/* Begin PBXVariantGroup section */
		0146B7B11ED2A57D0068F120 /* Main.storyboard */ = {
			isa = PBXVariantGroup;
			children = (
				0146B7B21ED2A57D0068F120 /* Base */,
			);
			name = Main.storyboard;
			sourceTree = "<group>";
		};
		0146B7B61ED2A57D0068F120 /* LaunchScreen.storyboard */ = {
			isa = PBXVariantGroup;
			children = (
				0146B7B71ED2A57D0068F120 /* Base */,
			);
			name = LaunchScreen.storyboard;
			sourceTree = "<group>";
		};
/* End PBXVariantGroup section */

/* Begin XCBuildConfiguration section */
		0146B7BA1ED2A57D0068F120 /* Debug */ = {
			isa = XCBuildConfiguration;
			buildSettings = {
				ALWAYS_SEARCH_USER_PATHS = NO;
				CLANG_ANALYZER_NONNULL = YES;
				CLANG_ANALYZER_NUMBER_OBJECT_CONVERSION = YES_AGGRESSIVE;
				CLANG_CXX_LANGUAGE_STANDARD = "gnu++0x";
				CLANG_CXX_LIBRARY = "libc++";
				CLANG_ENABLE_MODULES = YES;
				CLANG_ENABLE_OBJC_ARC = YES;
				CLANG_WARN_BOOL_CONVERSION = YES;
				CLANG_WARN_CONSTANT_CONVERSION = YES;
				CLANG_WARN_DIRECT_OBJC_ISA_USAGE = YES_ERROR;
				CLANG_WARN_DOCUMENTATION_COMMENTS = YES;
				CLANG_WARN_EMPTY_BODY = YES;
				CLANG_WARN_ENUM_CONVERSION = YES;
				CLANG_WARN_INFINITE_RECURSION = YES;
				CLANG_WARN_INT_CONVERSION = YES;
				CLANG_WARN_OBJC_ROOT_CLASS = YES_ERROR;
				CLANG_WARN_SUSPICIOUS_MOVE = YES;
				CLANG_WARN_UNREACHABLE_CODE = YES;
				CLANG_WARN__DUPLICATE_METHOD_MATCH = YES;
				"CODE_SIGN_IDENTITY[sdk=iphoneos*]" = "iPhone Developer";
				COPY_PHASE_STRIP = NO;
				DEBUG_INFORMATION_FORMAT = dwarf;
				ENABLE_STRICT_OBJC_MSGSEND = YES;
				ENABLE_TESTABILITY = YES;
				GCC_C_LANGUAGE_STANDARD = gnu99;
				GCC_DYNAMIC_NO_PIC = NO;
				GCC_NO_COMMON_BLOCKS = YES;
				GCC_OPTIMIZATION_LEVEL = 0;
				GCC_PREPROCESSOR_DEFINITIONS = (
					"DEBUG=1",
					"$(inherited)",
				);
				GCC_WARN_64_TO_32_BIT_CONVERSION = YES;
				GCC_WARN_ABOUT_RETURN_TYPE = YES_ERROR;
				GCC_WARN_UNDECLARED_SELECTOR = YES;
				GCC_WARN_UNINITIALIZED_AUTOS = YES_AGGRESSIVE;
				GCC_WARN_UNUSED_FUNCTION = YES;
				GCC_WARN_UNUSED_VARIABLE = YES;
				IPHONEOS_DEPLOYMENT_TARGET = 10.3;
				MTL_ENABLE_DEBUG_INFO = YES;
				ONLY_ACTIVE_ARCH = YES;
				SDKROOT = iphoneos;
				SWIFT_ACTIVE_COMPILATION_CONDITIONS = DEBUG;
				SWIFT_OPTIMIZATION_LEVEL = "-Onone";
				TARGETED_DEVICE_FAMILY = "1,2";
			};
			name = Debug;
		};
		0146B7BB1ED2A57D0068F120 /* Release */ = {
			isa = XCBuildConfiguration;
			buildSettings = {
				ALWAYS_SEARCH_USER_PATHS = NO;
				CLANG_ANALYZER_NONNULL = YES;
				CLANG_ANALYZER_NUMBER_OBJECT_CONVERSION = YES_AGGRESSIVE;
				CLANG_CXX_LANGUAGE_STANDARD = "gnu++0x";
				CLANG_CXX_LIBRARY = "libc++";
				CLANG_ENABLE_MODULES = YES;
				CLANG_ENABLE_OBJC_ARC = YES;
				CLANG_WARN_BOOL_CONVERSION = YES;
				CLANG_WARN_CONSTANT_CONVERSION = YES;
				CLANG_WARN_DIRECT_OBJC_ISA_USAGE = YES_ERROR;
				CLANG_WARN_DOCUMENTATION_COMMENTS = YES;
				CLANG_WARN_EMPTY_BODY = YES;
				CLANG_WARN_ENUM_CONVERSION = YES;
				CLANG_WARN_INFINITE_RECURSION = YES;
				CLANG_WARN_INT_CONVERSION = YES;
				CLANG_WARN_OBJC_ROOT_CLASS = YES_ERROR;
				CLANG_WARN_SUSPICIOUS_MOVE = YES;
				CLANG_WARN_UNREACHABLE_CODE = YES;
				CLANG_WARN__DUPLICATE_METHOD_MATCH = YES;
				"CODE_SIGN_IDENTITY[sdk=iphoneos*]" = "iPhone Developer";
				COPY_PHASE_STRIP = NO;
				DEBUG_INFORMATION_FORMAT = "dwarf-with-dsym";
				ENABLE_NS_ASSERTIONS = NO;
				ENABLE_STRICT_OBJC_MSGSEND = YES;
				GCC_C_LANGUAGE_STANDARD = gnu99;
				GCC_NO_COMMON_BLOCKS = YES;
				GCC_WARN_64_TO_32_BIT_CONVERSION = YES;
				GCC_WARN_ABOUT_RETURN_TYPE = YES_ERROR;
				GCC_WARN_UNDECLARED_SELECTOR = YES;
				GCC_WARN_UNINITIALIZED_AUTOS = YES_AGGRESSIVE;
				GCC_WARN_UNUSED_FUNCTION = YES;
				GCC_WARN_UNUSED_VARIABLE = YES;
				IPHONEOS_DEPLOYMENT_TARGET = 10.3;
				MTL_ENABLE_DEBUG_INFO = NO;
				SDKROOT = iphoneos;
				SWIFT_OPTIMIZATION_LEVEL = "-Owholemodule";
				TARGETED_DEVICE_FAMILY = "1,2";
				VALIDATE_PRODUCT = YES;
			};
			name = Release;
		};
		0146B7BD1ED2A57D0068F120 /* Debug */ = {
			isa = XCBuildConfiguration;
			baseConfigurationReference = 41576D8B35FCDA09C2DC3DCC /* Pods-MMDraggableTagViewDemo.debug.xcconfig */;
			buildSettings = {
				ASSETCATALOG_COMPILER_APPICON_NAME = AppIcon;
				DEVELOPMENT_TEAM = N7XBVXGJLT;
				INFOPLIST_FILE = MMDraggableTagViewDemo/Info.plist;
				LD_RUNPATH_SEARCH_PATHS = "$(inherited) @executable_path/Frameworks";
				PRODUCT_BUNDLE_IDENTIFIER = com.michaelin.MMDraggableTagViewDemo;
				PRODUCT_NAME = "$(TARGET_NAME)";
				SWIFT_VERSION = 3.0;
			};
			name = Debug;
		};
		0146B7BE1ED2A57D0068F120 /* Release */ = {
			isa = XCBuildConfiguration;
			baseConfigurationReference = FBC59E8A149639738A305659 /* Pods-MMDraggableTagViewDemo.release.xcconfig */;
			buildSettings = {
				ASSETCATALOG_COMPILER_APPICON_NAME = AppIcon;
				DEVELOPMENT_TEAM = N7XBVXGJLT;
				INFOPLIST_FILE = MMDraggableTagViewDemo/Info.plist;
				LD_RUNPATH_SEARCH_PATHS = "$(inherited) @executable_path/Frameworks";
				PRODUCT_BUNDLE_IDENTIFIER = com.michaelin.MMDraggableTagViewDemo;
				PRODUCT_NAME = "$(TARGET_NAME)";
				SWIFT_VERSION = 3.0;
			};
			name = Release;
		};
/* End XCBuildConfiguration section */

/* Begin XCConfigurationList section */
		0146B7A51ED2A57C0068F120 /* Build configuration list for PBXProject "MMDraggableTagViewDemo" */ = {
			isa = XCConfigurationList;
			buildConfigurations = (
				0146B7BA1ED2A57D0068F120 /* Debug */,
				0146B7BB1ED2A57D0068F120 /* Release */,
			);
			defaultConfigurationIsVisible = 0;
			defaultConfigurationName = Release;
		};
		0146B7BC1ED2A57D0068F120 /* Build configuration list for PBXNativeTarget "MMDraggableTagViewDemo" */ = {
			isa = XCConfigurationList;
			buildConfigurations = (
				0146B7BD1ED2A57D0068F120 /* Debug */,
				0146B7BE1ED2A57D0068F120 /* Release */,
			);
			defaultConfigurationIsVisible = 0;
		};
/* End XCConfigurationList section */
	};
	rootObject = 0146B7A21ED2A57C0068F120 /* Project object */;
}
